
Microsoft Visual Studio Solution File, Format Version 12.00
# Visual Studio Version 17
VisualStudioVersion = 17.14.36811.4 d17.14
MinimumVisualStudioVersion = 10.0.40219.1
Project("{FAE04EC0-301F-11D3-BF4B-00C04F79EFBC}") = "SGA.Domain", "..\SGA.Domain\SGA.Domain.csproj", "{88683F6A-31CD-DF03-AFB5-80D9E825F81A}"
EndProject
Project("{2150E333-8FDC-42A3-9474-1A3956D46DE8}") = "src", "src", "{02EA681E-C7D8-13C7-8484-4AC65E1B71E8}"
EndProject
Project("{2150E333-8FDC-42A3-9474-1A3956D46DE8}") = "core", "core", "{17D1AA20-20C0-4479-A822-8B4F2269EBCA}"
EndProject
Project("{FAE04EC0-301F-11D3-BF4B-00C04F79EFBC}") = "SGA.Application", "..\SGA.Application\SGA.Application.csproj", "{9C790C41-E6AE-447E-CE78-0C3B2BD6A4EB}"
EndProject
Project("{2150E333-8FDC-42A3-9474-1A3956D46DE8}") = "Infrastructure", "Infrastructure", "{933DB397-05F6-4686-BC5E-3A751E825D39}"
EndProject
Project("{2150E333-8FDC-42A3-9474-1A3956D46DE8}") = "Presentation", "Presentation", "{75D2F1AF-402E-464D-9AD2-9CDE922CFB6C}"
EndProject
Project("{FAE04EC0-301F-11D3-BF4B-00C04F79EFBC}") = "SGA.Persistence", "..\SGA.Persistence\SGA.Persistence.csproj", "{B197AD32-2C93-ED28-F20A-584CB94D1EC3}"
EndProject
Project("{FAE04EC0-301F-11D3-BF4B-00C04F79EFBC}") = "SGA.Api", "..\SGA.Api\SGA.Api.csproj", "{2CE26FA5-FF25-A2A4-71B8-10ED9278B1A5}"
EndProject
Project("{FAE04EC0-301F-11D3-BF4B-00C04F79EFBC}") = "SGA.Web", "..\SGA.Web\SGA.Web.csproj", "{8654605E-BFC9-6E09-C332-7DD388AD2872}"
EndProject
Project("{FAE04EC0-301F-11D3-BF4B-00C04F79EFBC}") = "SGA.WPF", "..\SGA.WPF\SGA.WPF.csproj", "{0104F648-3013-4407-1536-3921DCB28820}"
EndProject
Project("{FAE04EC0-301F-11D3-BF4B-00C04F79EFBC}") = "SGA.Api.Tests", "..\SGA.Api.Tests\SGA.Api.Tests.csproj", "{B7A047B1-7D35-4FB8-91F3-A09174CA352E}"
EndProject
Project("{FAE04EC0-301F-11D3-BF4B-00C04F79EFBC}") = "SGA.Web.Tests", "..\SGA.Web.Tests\SGA.Web.Tests.csproj", "{C2FB3208-B0E8-4C6A-BBFA-89E46C7F50F7}"
EndProject
Global
	GlobalSection(SolutionConfigurationPlatforms) = preSolution
		Debug|Any CPU = Debug|Any CPU
		Release|Any CPU = Release|Any CPU
	EndGlobalSection
	GlobalSection(ProjectConfigurationPlatforms) = postSolution
		{88683F6A-31CD-DF03-AFB5-80D9E825F81A}.Debug|Any CPU.ActiveCfg = Debug|Any CPU
		{88683F6A-31CD-DF03-AFB5-80D9E825F81A}.Debug|Any CPU.Build.0 = Debug|Any CPU
		{88683F6A-31CD-DF03-AFB5-80D9E825F81A}.Release|Any CPU.ActiveCfg = Release|Any CPU
		{88683F6A-31CD-DF03-AFB5-80D9E825F81A}.Release|Any CPU.Build.0 = Release|Any CPU
		{9C790C41-E6AE-447E-CE78-0C3B2BD6A4EB}.Debug|Any CPU.ActiveCfg = Debug|Any CPU
		{9C790C41-E6AE-447E-CE78-0C3B2BD6A4EB}.Debug|Any CPU.Build.0 = Debug|Any CPU
		{9C790C41-E6AE-447E-CE78-0C3B2BD6A4EB}.Release|Any CPU.ActiveCfg = Release|Any CPU
		{9C790C41-E6AE-447E-CE78-0C3B2BD6A4EB}.Release|Any CPU.Build.0 = Release|Any CPU
		{B197AD32-2C93-ED28-F20A-584CB94D1EC3}.Debug|Any CPU.ActiveCfg = Debug|Any CPU
		{B197AD32-2C93-ED28-F20A-584CB94D1EC3}.Debug|Any CPU.Build.0 = Debug|Any CPU
		{B197AD32-2C93-ED28-F20A-584CB94D1EC3}.Release|Any CPU.ActiveCfg = Release|Any CPU
		{B197AD32-2C93-ED28-F20A-584CB94D1EC3}.Release|Any CPU.Build.0 = Release|Any CPU
		{2CE26FA5-FF25-A2A4-71B8-10ED9278B1A5}.Debug|Any CPU.ActiveCfg = Debug|Any CPU
		{2CE26FA5-FF25-A2A4-71B8-10ED9278B1A5}.Debug|Any CPU.Build.0 = Debug|Any CPU
		{2CE26FA5-FF25-A2A4-71B8-10ED9278B1A5}.Release|Any CPU.ActiveCfg = Release|Any CPU
		{2CE26FA5-FF25-A2A4-71B8-10ED9278B1A5}.Release|Any CPU.Build.0 = Release|Any CPU
		{8654605E-BFC9-6E09-C332-7DD388AD2872}.Debug|Any CPU.ActiveCfg = Debug|Any CPU
		{8654605E-BFC9-6E09-C332-7DD388AD2872}.Debug|Any CPU.Build.0 = Debug|Any CPU
		{8654605E-BFC9-6E09-C332-7DD388AD2872}.Release|Any CPU.ActiveCfg = Release|Any CPU
		{8654605E-BFC9-6E09-C332-7DD388AD2872}.Release|Any CPU.Build.0 = Release|Any CPU
		{0104F648-3013-4407-1536-3921DCB28820}.Debug|Any CPU.ActiveCfg = Debug|Any CPU
		{0104F648-3013-4407-1536-3921DCB28820}.Debug|Any CPU.Build.0 = Debug|Any CPU
		{0104F648-3013-4407-1536-3921DCB28820}.Release|Any CPU.ActiveCfg = Release|Any CPU
		{0104F648-3013-4407-1536-3921DCB28820}.Release|Any CPU.Build.0 = Release|Any CPU
		{B7A047B1-7D35-4FB8-91F3-A09174CA352E}.Debug|Any CPU.ActiveCfg = Debug|Any CPU
		{B7A047B1-7D35-4FB8-91F3-A09174CA352E}.Debug|Any CPU.Build.0 = Debug|Any CPU
		{B7A047B1-7D35-4FB8-91F3-A09174CA352E}.Release|Any CPU.ActiveCfg = Release|Any CPU
		{B7A047B1-7D35-4FB8-91F3-A09174CA352E}.Release|Any CPU.Build.0 = Release|Any CPU
		{C2FB3208-B0E8-4C6A-BBFA-89E46C7F50F7}.Debug|Any CPU.ActiveCfg = Debug|Any CPU
		{C2FB3208-B0E8-4C6A-BBFA-89E46C7F50F7}.Debug|Any CPU.Build.0 = Debug|Any CPU
		{C2FB3208-B0E8-4C6A-BBFA-89E46C7F50F7}.Release|Any CPU.ActiveCfg = Release|Any CPU
		{C2FB3208-B0E8-4C6A-BBFA-89E46C7F50F7}.Release|Any CPU.Build.0 = Release|Any CPU
	EndGlobalSection
	GlobalSection(SolutionProperties) = preSolution
		HideSolutionNode = FALSE
	EndGlobalSection
	GlobalSection(NestedProjects) = preSolution
		{88683F6A-31CD-DF03-AFB5-80D9E825F81A} = {17D1AA20-20C0-4479-A822-8B4F2269EBCA}
		{17D1AA20-20C0-4479-A822-8B4F2269EBCA} = {02EA681E-C7D8-13C7-8484-4AC65E1B71E8}
		{9C790C41-E6AE-447E-CE78-0C3B2BD6A4EB} = {17D1AA20-20C0-4479-A822-8B4F2269EBCA}
		{933DB397-05F6-4686-BC5E-3A751E825D39} = {02EA681E-C7D8-13C7-8484-4AC65E1B71E8}
		{75D2F1AF-402E-464D-9AD2-9CDE922CFB6C} = {02EA681E-C7D8-13C7-8484-4AC65E1B71E8}
		{B197AD32-2C93-ED28-F20A-584CB94D1EC3} = {933DB397-05F6-4686-BC5E-3A751E825D39}
		{2CE26FA5-FF25-A2A4-71B8-10ED9278B1A5} = {75D2F1AF-402E-464D-9AD2-9CDE922CFB6C}
		{8654605E-BFC9-6E09-C332-7DD388AD2872} = {02EA681E-C7D8-13C7-8484-4AC65E1B71E8}
		{0104F648-3013-4407-1536-3921DCB28820} = {02EA681E-C7D8-13C7-8484-4AC65E1B71E8}
		{B7A047B1-7D35-4FB8-91F3-A09174CA352E} = {02EA681E-C7D8-13C7-8484-4AC65E1B71E8}
		{C2FB3208-B0E8-4C6A-BBFA-89E46C7F50F7} = {02EA681E-C7D8-13C7-8484-4AC65E1B71E8}
	EndGlobalSection
	GlobalSection(ExtensibilityGlobals) = postSolution
		SolutionGuid = {D760175F-97CF-4816-B8B4-2A87936040E8}
	EndGlobalSection
EndGlobal
